
Microsoft Visual Studio Solution File, Format Version 12.00
# Visual Studio Version 17
VisualStudioVersion = 17.13.35818.85 d17.13
MinimumVisualStudioVersion = 10.0.40219.1
Project("{FAE04EC0-301F-11D3-BF4B-00C04F79EFBC}") = "DataLayer", "DataLayer\DataLayer.csproj", "{1515029B-344E-4022-9614-1C9D364B75E6}"
EndProject
Project("{FAE04EC0-301F-11D3-BF4B-00C04F79EFBC}") = "BusinessLayer", "BusinessLayer\BusinessLayer.csproj", "{4740F068-634C-4773-B2ED-27417F456918}"
EndProject
Project("{FAE04EC0-301F-11D3-BF4B-00C04F79EFBC}") = "QLNHANSU", "QLNHANSU\QLNHANSU.csproj", "{63940758-C664-4847-882D-71EA3FEE0D49}"
EndProject
Global
	GlobalSection(SolutionConfigurationPlatforms) = preSolution
		Debug|Any CPU = Debug|Any CPU
		Release|Any CPU = Release|Any CPU
	EndGlobalSection
	GlobalSection(ProjectConfigurationPlatforms) = postSolution
		{1515029B-344E-4022-9614-1C9D364B75E6}.Debug|Any CPU.ActiveCfg = Debug|Any CPU
		{1515029B-344E-4022-9614-1C9D364B75E6}.Debug|Any CPU.Build.0 = Debug|Any CPU
		{1515029B-344E-4022-9614-1C9D364B75E6}.Release|Any CPU.ActiveCfg = Release|Any CPU
		{1515029B-344E-4022-9614-1C9D364B75E6}.Release|Any CPU.Build.0 = Release|Any CPU
		{4740F068-634C-4773-B2ED-27417F456918}.Debug|Any CPU.ActiveCfg = Debug|Any CPU
		{4740F068-634C-4773-B2ED-27417F456918}.Debug|Any CPU.Build.0 = Debug|Any CPU
		{4740F068-634C-4773-B2ED-27417F456918}.Release|Any CPU.ActiveCfg = Release|Any CPU
		{4740F068-634C-4773-B2ED-27417F456918}.Release|Any CPU.Build.0 = Release|Any CPU
		{63940758-C664-4847-882D-71EA3FEE0D49}.Debug|Any CPU.ActiveCfg = Debug|Any CPU
		{63940758-C664-4847-882D-71EA3FEE0D49}.Debug|Any CPU.Build.0 = Debug|Any CPU
		{63940758-C664-4847-882D-71EA3FEE0D49}.Release|Any CPU.ActiveCfg = Release|Any CPU
		{63940758-C664-4847-882D-71EA3FEE0D49}.Release|Any CPU.Build.0 = Release|Any CPU
	EndGlobalSection
	GlobalSection(SolutionProperties) = preSolution
		HideSolutionNode = FALSE
	EndGlobalSection
	GlobalSection(ExtensibilityGlobals) = postSolution
		SolutionGuid = {11E1C416-E23C-4115-B578-FD43A4C4A953}
	EndGlobalSection
EndGlobal
